
Microsoft Visual Studio Solution File, Format Version 12.00
# Visual Studio Version 17
VisualStudioVersion = 17.13.35818.85 d17.13
MinimumVisualStudioVersion = 10.0.40219.1
Project("{FAE04EC0-301F-11D3-BF4B-00C04F79EFBC}") = "NoteSharingApp", "NoteSharingApp\NoteSharingApp.csproj", "{EE1846D7-33EB-4480-B69D-64D20981A26B}"
EndProject
Global
	GlobalSection(SolutionConfigurationPlatforms) = preSolution
		Debug|Any CPU = Debug|Any CPU
		Release|Any CPU = Release|Any CPU
	EndGlobalSection
	GlobalSection(ProjectConfigurationPlatforms) = postSolution
		{EE1846D7-33EB-4480-B69D-64D20981A26B}.Debug|Any CPU.ActiveCfg = Debug|Any CPU
		{EE1846D7-33EB-4480-B69D-64D20981A26B}.Debug|Any CPU.Build.0 = Debug|Any CPU
		{EE1846D7-33EB-4480-B69D-64D20981A26B}.Release|Any CPU.ActiveCfg = Release|Any CPU
		{EE1846D7-33EB-4480-B69D-64D20981A26B}.Release|Any CPU.Build.0 = Release|Any CPU
	EndGlobalSection
	GlobalSection(SolutionProperties) = preSolution
		HideSolutionNode = FALSE
	EndGlobalSection
	GlobalSection(ExtensibilityGlobals) = postSolution
		SolutionGuid = {A60A9AF8-E344-4A4E-9519-88AEC148C348}
	EndGlobalSection
EndGlobal
